{
  "version": 4,
  "terraform_version": "1.7.4",
  "serial": 14,
  "lineage": "4f68a2f7-cf79-6759-e225-e10778cb1206",
  "outputs": {
    "pet-name": {
      "value": "Miss.awfully.right.redfish",
      "type": "string"
    }
  },
  "resources": [
    {
      "mode": "managed",
      "type": "local_file",
      "name": "universe",
      "provider": "provider[\"registry.terraform.io/hashicorp/local\"]",
      "instances": [
        {
          "schema_version": 0,
          "attributes": {
            "content": "We are a way for the cosmos to know itself. Dear cosmic child, universe sings for you. The example of attribute reference is Miss.awfully.right.redfish",
            "content_base64": null,
            "content_base64sha256": "1UxkgefvRd+6P8ef8usZGBKpYg3r9tM+LqXP3ino1tc=",
            "content_base64sha512": "FwbDUV3lvXIi4G2vAENBJJRcxJoez0Z4LbZfd4W0cujlhi3M9m3PWoO8Nf2dnR9OiR9U5gaIeya0iowhGQ58JQ==",
            "content_md5": "2dced3c0641533b4b0ae1515f30506a1",
            "content_sha1": "7ff37887b8696a375ba785972e110ce2e1fe4eb3",
            "content_sha256": "d54c6481e7ef45dfba3fc79ff2eb191812a9620debf6d33e2ea5cfde29e8d6d7",
            "content_sha512": "1706c3515de5bd7222e06daf00434124945cc49a1ecf46782db65f7785b472e8e5862dccf66dcf5a83bc35fd9d9d1f4e891f54e606887b26b48a8c21190e7c25",
            "directory_permission": "0777",
            "file_permission": "0777",
            "filename": "/home/uniqosmos/Desktop/Terraform/Demo/cosmos.txt",
            "id": "7ff37887b8696a375ba785972e110ce2e1fe4eb3",
            "sensitive_content": null,
            "source": null
          },
          "sensitive_attributes": [],
          "dependencies": [
            "random_pet.my_pet"
          ]
        }
      ]
    },
    {
      "mode": "managed",
      "type": "random_pet",
      "name": "my_pet",
      "provider": "provider[\"registry.terraform.io/hashicorp/random\"]",
      "instances": [
        {
          "schema_version": 0,
          "attributes": {
            "id": "Miss.awfully.right.redfish",
            "keepers": null,
            "length": 3,
            "prefix": "Miss",
            "separator": "."
          },
          "sensitive_attributes": []
        }
      ]
    }
  ],
  "check_results": null
}
