{
  "version": 4,
  "terraform_version": "1.7.4",
  "serial": 18,
  "lineage": "4f68a2f7-cf79-6759-e225-e10778cb1206",
  "outputs": {
    "pet-name": {
      "value": "Miss.awfully.right.redfish",
      "type": "string"
    }
  },
  "resources": [
    {
      "mode": "data",
      "type": "local_file",
      "name": "dog",
      "provider": "provider[\"registry.terraform.io/hashicorp/local\"]",
      "instances": [
        {
          "schema_version": 0,
          "attributes": {
            "content": "This is a sample text file created using Zsh scripting.\n",
            "content_base64": "VGhpcyBpcyBhIHNhbXBsZSB0ZXh0IGZpbGUgY3JlYXRlZCB1c2luZyBac2ggc2NyaXB0aW5nLgo=",
            "content_base64sha256": "8nO21W15V4jaiJVjTQ/hn/LKWzudgOZ3G0tXntNSejY=",
            "content_base64sha512": "ZHAQ79o4nixChDjGS7/NJORHWiqDxgO60PGYq7beKOGXYeIo5VVICgZH8NzV2Qakw8U3bEd2w6TxWP24Yxxjuw==",
            "content_md5": "8a9715580ac74f41125e6eb807531761",
            "content_sha1": "e9a5c19baa800592c97fbde9f3bad0760d345b80",
            "content_sha256": "f273b6d56d795788da8895634d0fe19ff2ca5b3b9d80e6771b4b579ed3527a36",
            "content_sha512": "647010efda389e2c428438c64bbfcd24e4475a2a83c603bad0f198abb6de28e19761e228e555480a0647f0dcd5d906a4c3c5376c4776c3a4f158fdb8631c63bb",
            "filename": "/home/uniqosmos/Desktop/Terraform/Demo/dogs.txt",
            "id": "e9a5c19baa800592c97fbde9f3bad0760d345b80"
          },
          "sensitive_attributes": []
        }
      ]
    },
    {
      "mode": "managed",
      "type": "local_file",
      "name": "pet",
      "provider": "provider[\"registry.terraform.io/hashicorp/local\"]",
      "instances": [
        {
          "schema_version": 0,
          "attributes": {
            "content": "This is a sample text file created using Zsh scripting.\n",
            "content_base64": null,
            "content_base64sha256": "8nO21W15V4jaiJVjTQ/hn/LKWzudgOZ3G0tXntNSejY=",
            "content_base64sha512": "ZHAQ79o4nixChDjGS7/NJORHWiqDxgO60PGYq7beKOGXYeIo5VVICgZH8NzV2Qakw8U3bEd2w6TxWP24Yxxjuw==",
            "content_md5": "8a9715580ac74f41125e6eb807531761",
            "content_sha1": "e9a5c19baa800592c97fbde9f3bad0760d345b80",
            "content_sha256": "f273b6d56d795788da8895634d0fe19ff2ca5b3b9d80e6771b4b579ed3527a36",
            "content_sha512": "647010efda389e2c428438c64bbfcd24e4475a2a83c603bad0f198abb6de28e19761e228e555480a0647f0dcd5d906a4c3c5376c4776c3a4f158fdb8631c63bb",
            "directory_permission": "0777",
            "file_permission": "0777",
            "filename": "/home/uniqosmos/Desktop/Terraform/Demo/pet.txt",
            "id": "e9a5c19baa800592c97fbde9f3bad0760d345b80",
            "sensitive_content": null,
            "source": null
          },
          "sensitive_attributes": [],
          "dependencies": [
            "data.local_file.dog"
          ]
        }
      ]
    },
    {
      "mode": "managed",
      "type": "local_file",
      "name": "universe",
      "provider": "provider[\"registry.terraform.io/hashicorp/local\"]",
      "instances": [
        {
          "schema_version": 0,
          "attributes": {
            "content": "Dear cosmic child, universe sings for you. The example of attribute reference is Miss.awfully.right.redfish",
            "content_base64": null,
            "content_base64sha256": "My0Jmo+E9BR6CVulLOBsdGIIFpR9YIHTXibrb5ur0Ko=",
            "content_base64sha512": "fojeB2cYup4Nb+4XphC/+mS1Dzm5B9CmjJuoDYg92KZLXaezqshOnWI/4yCAw+mNeMYGOQsVurzKnwtr73iV6A==",
            "content_md5": "47cc83d4af7ee7b3f84a7b512573a18c",
            "content_sha1": "e86d9576c022c1d51e4ceb065d52aa60e9f70e12",
            "content_sha256": "332d099a8f84f4147a095ba52ce06c74620816947d6081d35e26eb6f9babd0aa",
            "content_sha512": "7e88de076718ba9e0d6fee17a610bffa64b50f39b907d0a68c9ba80d883dd8a64b5da7b3aac84e9d623fe32080c3e98d78c606390b15babcca9f0b6bef7895e8",
            "directory_permission": "0777",
            "file_permission": "0777",
            "filename": "/home/uniqosmos/Desktop/Terraform/Demo/cosmos.txt",
            "id": "e86d9576c022c1d51e4ceb065d52aa60e9f70e12",
            "sensitive_content": null,
            "source": null
          },
          "sensitive_attributes": [],
          "dependencies": [
            "random_pet.my_pet"
          ]
        }
      ]
    },
    {
      "mode": "managed",
      "type": "random_pet",
      "name": "my_pet",
      "provider": "provider[\"registry.terraform.io/hashicorp/random\"]",
      "instances": [
        {
          "schema_version": 0,
          "attributes": {
            "id": "Miss.awfully.right.redfish",
            "keepers": null,
            "length": 3,
            "prefix": "Miss",
            "separator": "."
          },
          "sensitive_attributes": []
        }
      ]
    }
  ],
  "check_results": null
}
